
Microsoft Visual Studio Solution File, Format Version 12.00
# Visual Studio Version 17
VisualStudioVersion = 17.11.35327.3
MinimumVisualStudioVersion = 10.0.40219.1
Project("{FAE04EC0-301F-11D3-BF4B-00C04F79EFBC}") = "odev3", "odev3\odev3.csproj", "{1FC414E4-5C0D-41BE-BC04-F59A811F42E4}"
EndProject
Global
	GlobalSection(SolutionConfigurationPlatforms) = preSolution
		Debug|Any CPU = Debug|Any CPU
		Release|Any CPU = Release|Any CPU
	EndGlobalSection
	GlobalSection(ProjectConfigurationPlatforms) = postSolution
		{1FC414E4-5C0D-41BE-BC04-F59A811F42E4}.Debug|Any CPU.ActiveCfg = Debug|Any CPU
		{1FC414E4-5C0D-41BE-BC04-F59A811F42E4}.Debug|Any CPU.Build.0 = Debug|Any CPU
		{1FC414E4-5C0D-41BE-BC04-F59A811F42E4}.Release|Any CPU.ActiveCfg = Release|Any CPU
		{1FC414E4-5C0D-41BE-BC04-F59A811F42E4}.Release|Any CPU.Build.0 = Release|Any CPU
	EndGlobalSection
	GlobalSection(SolutionProperties) = preSolution
		HideSolutionNode = FALSE
	EndGlobalSection
	GlobalSection(ExtensibilityGlobals) = postSolution
		SolutionGuid = {8CA48108-6C6C-4D96-82E0-306193D4E6D0}
	EndGlobalSection
EndGlobal
